{
  "name": "@rbxts/distancepoller",
  "version": "1.0.0",
  "lockfileVersion": 1,
  "requires": true,
  "dependencies": {
    "@rbxts/services": {
      "version": "1.0.4",
      "resolved": "https://registry.npmjs.org/@rbxts/services/-/services-1.0.4.tgz",
      "integrity": "sha512-lvTFr9soI6WQzZDuy1NIWaeI9YrnE0+pK+57MCcBoTcGDfg5EZMVgLGmpVDt0lUqD3UB7Yr++DtYOdPUFQqNGg=="
    },
    "@rbxts/signal": {
      "version": "1.0.1",
      "resolved": "https://registry.npmjs.org/@rbxts/signal/-/signal-1.0.1.tgz",
      "integrity": "sha512-Jf4/WazPkDQ04v0NSA03HBxJ6XHOmhOO3tfbwiWdpkjpQwKfFLOWMYS3tZ+vkuGLABS5KPYbID+7J+2+92fqzQ=="
    },
    "@rbxts/types": {
      "version": "1.0.376",
      "resolved": "https://registry.npmjs.org/@rbxts/types/-/types-1.0.376.tgz",
      "integrity": "sha512-1MADSXtIt+GGEKupaD5QPvFw8Nah1t6t8CDBccLWNQ7s9nBgydqRhUEWrrn998JlivmpNdAJEV+IyISgqekdCg==",
      "dev": true
    }
  }
}
